
Microsoft Visual Studio Solution File, Format Version 12.00
# Visual Studio Version 16
VisualStudioVersion = 16.0.30523.141
MinimumVisualStudioVersion = 10.0.40219.1
Project("{9A19103F-16F7-4668-BE54-9A1E7A4F7556}") = "ToB.WebApi", "ToB.WebApi\ToB.WebApi.csproj", "{4F3CBC3D-5901-4245-94DA-6E3F6B308E72}"
EndProject
Project("{FAE04EC0-301F-11D3-BF4B-00C04F79EFBC}") = "ToB.WebApi.Tests", "ToB.WebApi.Tests\ToB.WebApi.Tests.csproj", "{48F671B4-748E-40F5-AC64-BD7EDC0FFC52}"
EndProject
Project("{FAE04EC0-301F-11D3-BF4B-00C04F79EFBC}") = "ToB.PriorityToDo", "ToB.PriorityToDo\ToB.PriorityToDo.csproj", "{118BD9DB-1663-4482-A0E9-77B572052CE8}"
EndProject
Project("{FAE04EC0-301F-11D3-BF4B-00C04F79EFBC}") = "ToB.Common", "ToB.Common\ToB.Common.csproj", "{29611660-521B-4B1E-AC16-93F18E1937B2}"
EndProject
Global
	GlobalSection(SolutionConfigurationPlatforms) = preSolution
		Debug|Any CPU = Debug|Any CPU
		Release|Any CPU = Release|Any CPU
	EndGlobalSection
	GlobalSection(ProjectConfigurationPlatforms) = postSolution
		{4F3CBC3D-5901-4245-94DA-6E3F6B308E72}.Debug|Any CPU.ActiveCfg = Debug|Any CPU
		{4F3CBC3D-5901-4245-94DA-6E3F6B308E72}.Debug|Any CPU.Build.0 = Debug|Any CPU
		{4F3CBC3D-5901-4245-94DA-6E3F6B308E72}.Release|Any CPU.ActiveCfg = Release|Any CPU
		{4F3CBC3D-5901-4245-94DA-6E3F6B308E72}.Release|Any CPU.Build.0 = Release|Any CPU
		{48F671B4-748E-40F5-AC64-BD7EDC0FFC52}.Debug|Any CPU.ActiveCfg = Debug|Any CPU
		{48F671B4-748E-40F5-AC64-BD7EDC0FFC52}.Debug|Any CPU.Build.0 = Debug|Any CPU
		{48F671B4-748E-40F5-AC64-BD7EDC0FFC52}.Release|Any CPU.ActiveCfg = Release|Any CPU
		{48F671B4-748E-40F5-AC64-BD7EDC0FFC52}.Release|Any CPU.Build.0 = Release|Any CPU
		{118BD9DB-1663-4482-A0E9-77B572052CE8}.Debug|Any CPU.ActiveCfg = Debug|Any CPU
		{118BD9DB-1663-4482-A0E9-77B572052CE8}.Debug|Any CPU.Build.0 = Debug|Any CPU
		{118BD9DB-1663-4482-A0E9-77B572052CE8}.Release|Any CPU.ActiveCfg = Release|Any CPU
		{118BD9DB-1663-4482-A0E9-77B572052CE8}.Release|Any CPU.Build.0 = Release|Any CPU
		{29611660-521B-4B1E-AC16-93F18E1937B2}.Debug|Any CPU.ActiveCfg = Debug|Any CPU
		{29611660-521B-4B1E-AC16-93F18E1937B2}.Debug|Any CPU.Build.0 = Debug|Any CPU
		{29611660-521B-4B1E-AC16-93F18E1937B2}.Release|Any CPU.ActiveCfg = Release|Any CPU
		{29611660-521B-4B1E-AC16-93F18E1937B2}.Release|Any CPU.Build.0 = Release|Any CPU
	EndGlobalSection
	GlobalSection(SolutionProperties) = preSolution
		HideSolutionNode = FALSE
	EndGlobalSection
	GlobalSection(ExtensibilityGlobals) = postSolution
		SolutionGuid = {3D46D4ED-C2CA-4F60-A725-2D72E63FE274}
	EndGlobalSection
EndGlobal
